PODS:
  - Backgroundable (0.1.5)
  - BLLogger (0.1.1)
  - Internet (0.2.2):
    - ReachabilitySwift
  - KeychainAccess (1.2.1)
  - MultiRealm (0.3.2):
    - RealmSwift
  - ReachabilitySwift (1.1)
  - Realm (0.94.1):
    - Realm/Headers (= 0.94.1)
  - Realm/Headers (0.94.1)
  - RealmCloudKit (0.1.0):
    - Internet
    - KeychainAccess
    - MultiRealm
    - SwiftFileManager
  - RealmSwift (0.94.1):
    - Realm (= 0.94.1)
  - Stringer (0.4.0)
  - SwiftFileManager (0.2.1):
    - Backgroundable (~> 0.1)
    - BLLogger (~> 0.1)
    - Stringer (~> 0.1)

DEPENDENCIES:
  - RealmCloudKit (from `../`)

EXTERNAL SOURCES:
  RealmCloudKit:
    :path: ../

SPEC CHECKSUMS:
  Backgroundable: 76ea10f3a738100d2f7befed8626f43f0afbbab8
  BLLogger: caf652b72f9aff961436c7606df05087314291cf
  Internet: f7b6f7374552bdd7cfe576d5fd828e74fa3bcffd
  KeychainAccess: 3d7922baf90762a976adb7f6030d74c1a4110a1d
  MultiRealm: 384ae9598a524a85dd0455ba2587204cb59e469b
  ReachabilitySwift: 1e53abddb01111deac0d229dabdb8bb043567b18
  Realm: d999a6cf0b41577a077349c9cc9d496cc62a7d17
  RealmCloudKit: 645bfc96cde4434b34736ea9304045b24a6260a2
  RealmSwift: 06b60ff5b1338755654d39aab44ac38001600f76
  Stringer: e1003277ee327723e791390bf6014a86cb4812bd
  SwiftFileManager: dc7806f52dd613d9fcb86e1d722453c388a199e0

COCOAPODS: 0.38.2
